// !$*UTF8*$!
{
	archiveVersion = 1;
	classes = {
	};
	objectVersion = 48;
	objects = {

/* Begin PBXBuildFile section */
		1413A33B20684E5500EB2F71 /* Model.swift in Sources */ = {isa = PBXBuildFile; fileRef = 1413A33A20684E5500EB2F71 /* Model.swift */; };
		146BBA822068438F00428725 /* EventTableViewController.swift in Sources */ = {isa = PBXBuildFile; fileRef = 146BBA812068438F00428725 /* EventTableViewController.swift */; };
		146C04CC206861D6005B58DE /* EventTableViewCell.swift in Sources */ = {isa = PBXBuildFile; fileRef = 146C04CB206861D6005B58DE /* EventTableViewCell.swift */; };
		146C04CE2068657A005B58DE /* PreferencesTableViewController.swift in Sources */ = {isa = PBXBuildFile; fileRef = 146C04CD2068657A005B58DE /* PreferencesTableViewController.swift */; };
		146C04D020686609005B58DE /* CalendarTableViewCell.swift in Sources */ = {isa = PBXBuildFile; fileRef = 146C04CF20686609005B58DE /* CalendarTableViewCell.swift */; };
		146C04D220686FC6005B58DE /* ExtendedCalendarTableViewCell.swift in Sources */ = {isa = PBXBuildFile; fileRef = 146C04D120686FC6005B58DE /* ExtendedCalendarTableViewCell.swift */; };
		146C04D420687013005B58DE /* PreferencesManager.swift in Sources */ = {isa = PBXBuildFile; fileRef = 146C04D320687013005B58DE /* PreferencesManager.swift */; };
		146C04DC2068841A005B58DE /* SwitchTableViewCell.swift in Sources */ = {isa = PBXBuildFile; fileRef = 146C04DB2068841A005B58DE /* SwitchTableViewCell.swift */; };
		146C04E9206887EF005B58DE /* SetupViewController.swift in Sources */ = {isa = PBXBuildFile; fileRef = 146C04E2206887EE005B58DE /* SetupViewController.swift */; };
		146C04EE20689411005B58DE /* AccessView.swift in Sources */ = {isa = PBXBuildFile; fileRef = 146C04ED20689411005B58DE /* AccessView.swift */; };
		146C04F02068A3A3005B58DE /* AlertConstants.swift in Sources */ = {isa = PBXBuildFile; fileRef = 146C04EF2068A3A3005B58DE /* AlertConstants.swift */; };
		146C04F22068AA36005B58DE /* EventTableViewController+TableView.swift in Sources */ = {isa = PBXBuildFile; fileRef = 146C04F12068AA36005B58DE /* EventTableViewController+TableView.swift */; };
		146C04F42068AA8F005B58DE /* PreferencesTableViewController+TableView.swift in Sources */ = {isa = PBXBuildFile; fileRef = 146C04F32068AA8F005B58DE /* PreferencesTableViewController+TableView.swift */; };
		14837BB22068B0A6003F3A0C /* fabric.apikey in Resources */ = {isa = PBXBuildFile; fileRef = 14837BB02068B0A6003F3A0C /* fabric.apikey */; };
		14837BB72068B0EF003F3A0C /* Crashlytics.framework in Frameworks */ = {isa = PBXBuildFile; fileRef = 14837BB52068B0EF003F3A0C /* Crashlytics.framework */; };
		14837BB82068B0EF003F3A0C /* Fabric.framework in Frameworks */ = {isa = PBXBuildFile; fileRef = 14837BB62068B0EF003F3A0C /* Fabric.framework */; };
		14CCF3CD202BA99C00DCFF48 /* AppDelegate.swift in Sources */ = {isa = PBXBuildFile; fileRef = 14CCF3CC202BA99C00DCFF48 /* AppDelegate.swift */; };
		14CCF3D2202BA99C00DCFF48 /* Main.storyboard in Resources */ = {isa = PBXBuildFile; fileRef = 14CCF3D0202BA99C00DCFF48 /* Main.storyboard */; };
		14CCF3D4202BA99C00DCFF48 /* Assets.xcassets in Resources */ = {isa = PBXBuildFile; fileRef = 14CCF3D3202BA99C00DCFF48 /* Assets.xcassets */; };
		14CCF3D7202BA99C00DCFF48 /* LaunchScreen.storyboard in Resources */ = {isa = PBXBuildFile; fileRef = 14CCF3D5202BA99C00DCFF48 /* LaunchScreen.storyboard */; };
		14CCF3FB202BA9AE00DCFF48 /* HealthManager.swift in Sources */ = {isa = PBXBuildFile; fileRef = 14CCF3FA202BA9AE00DCFF48 /* HealthManager.swift */; };
		14CCF3FF202BACD400DCFF48 /* HealthKit.framework in Frameworks */ = {isa = PBXBuildFile; fileRef = 14CCF3FE202BACD400DCFF48 /* HealthKit.framework */; };
		14CCF401202C086300DCFF48 /* EventManager.swift in Sources */ = {isa = PBXBuildFile; fileRef = 14CCF400202C086300DCFF48 /* EventManager.swift */; };
/* End PBXBuildFile section */

/* Begin PBXFileReference section */
		1413A33A20684E5500EB2F71 /* Model.swift */ = {isa = PBXFileReference; lastKnownFileType = sourcecode.swift; path = Model.swift; sourceTree = "<group>"; };
		146BBA812068438F00428725 /* EventTableViewController.swift */ = {isa = PBXFileReference; lastKnownFileType = sourcecode.swift; path = EventTableViewController.swift; sourceTree = "<group>"; };
		146C04CB206861D6005B58DE /* EventTableViewCell.swift */ = {isa = PBXFileReference; lastKnownFileType = sourcecode.swift; path = EventTableViewCell.swift; sourceTree = "<group>"; };
		146C04CD2068657A005B58DE /* PreferencesTableViewController.swift */ = {isa = PBXFileReference; lastKnownFileType = sourcecode.swift; path = PreferencesTableViewController.swift; sourceTree = "<group>"; };
		146C04CF20686609005B58DE /* CalendarTableViewCell.swift */ = {isa = PBXFileReference; lastKnownFileType = sourcecode.swift; path = CalendarTableViewCell.swift; sourceTree = "<group>"; };
		146C04D120686FC6005B58DE /* ExtendedCalendarTableViewCell.swift */ = {isa = PBXFileReference; lastKnownFileType = sourcecode.swift; path = ExtendedCalendarTableViewCell.swift; sourceTree = "<group>"; };
		146C04D320687013005B58DE /* PreferencesManager.swift */ = {isa = PBXFileReference; lastKnownFileType = sourcecode.swift; path = PreferencesManager.swift; sourceTree = "<group>"; };
		146C04DB2068841A005B58DE /* SwitchTableViewCell.swift */ = {isa = PBXFileReference; lastKnownFileType = sourcecode.swift; path = SwitchTableViewCell.swift; sourceTree = "<group>"; };
		146C04E2206887EE005B58DE /* SetupViewController.swift */ = {isa = PBXFileReference; fileEncoding = 4; lastKnownFileType = sourcecode.swift; path = SetupViewController.swift; sourceTree = "<group>"; };
		146C04ED20689411005B58DE /* AccessView.swift */ = {isa = PBXFileReference; lastKnownFileType = sourcecode.swift; path = AccessView.swift; sourceTree = "<group>"; };
		146C04EF2068A3A3005B58DE /* AlertConstants.swift */ = {isa = PBXFileReference; lastKnownFileType = sourcecode.swift; path = AlertConstants.swift; sourceTree = "<group>"; };
		146C04F12068AA36005B58DE /* EventTableViewController+TableView.swift */ = {isa = PBXFileReference; lastKnownFileType = sourcecode.swift; path = "EventTableViewController+TableView.swift"; sourceTree = "<group>"; };
		146C04F32068AA8F005B58DE /* PreferencesTableViewController+TableView.swift */ = {isa = PBXFileReference; lastKnownFileType = sourcecode.swift; path = "PreferencesTableViewController+TableView.swift"; sourceTree = "<group>"; };
		14837BB02068B0A6003F3A0C /* fabric.apikey */ = {isa = PBXFileReference; fileEncoding = 4; lastKnownFileType = text; path = fabric.apikey; sourceTree = SOURCE_ROOT; };
		14837BB12068B0A6003F3A0C /* fabric.buildsecret */ = {isa = PBXFileReference; fileEncoding = 4; lastKnownFileType = text; path = fabric.buildsecret; sourceTree = SOURCE_ROOT; };
		14837BB52068B0EF003F3A0C /* Crashlytics.framework */ = {isa = PBXFileReference; lastKnownFileType = wrapper.framework; path = Crashlytics.framework; sourceTree = SOURCE_ROOT; };
		14837BB62068B0EF003F3A0C /* Fabric.framework */ = {isa = PBXFileReference; lastKnownFileType = wrapper.framework; path = Fabric.framework; sourceTree = SOURCE_ROOT; };
		14CCF3C9202BA99C00DCFF48 /* Heart Calendar.app */ = {isa = PBXFileReference; explicitFileType = wrapper.application; includeInIndex = 0; path = "Heart Calendar.app"; sourceTree = BUILT_PRODUCTS_DIR; };
		14CCF3CC202BA99C00DCFF48 /* AppDelegate.swift */ = {isa = PBXFileReference; lastKnownFileType = sourcecode.swift; path = AppDelegate.swift; sourceTree = "<group>"; };
		14CCF3D1202BA99C00DCFF48 /* Base */ = {isa = PBXFileReference; lastKnownFileType = file.storyboard; name = Base; path = Base.lproj/Main.storyboard; sourceTree = "<group>"; };
		14CCF3D3202BA99C00DCFF48 /* Assets.xcassets */ = {isa = PBXFileReference; lastKnownFileType = folder.assetcatalog; path = Assets.xcassets; sourceTree = "<group>"; };
		14CCF3D6202BA99C00DCFF48 /* Base */ = {isa = PBXFileReference; lastKnownFileType = file.storyboard; name = Base; path = Base.lproj/LaunchScreen.storyboard; sourceTree = "<group>"; };
		14CCF3D8202BA99C00DCFF48 /* Info.plist */ = {isa = PBXFileReference; lastKnownFileType = text.plist.xml; path = Info.plist; sourceTree = "<group>"; };
		14CCF3FA202BA9AE00DCFF48 /* HealthManager.swift */ = {isa = PBXFileReference; lastKnownFileType = sourcecode.swift; path = HealthManager.swift; sourceTree = "<group>"; };
		14CCF3FC202BACD400DCFF48 /* Heart Calendar.entitlements */ = {isa = PBXFileReference; lastKnownFileType = text.plist.entitlements; path = "Heart Calendar.entitlements"; sourceTree = "<group>"; };
		14CCF3FE202BACD400DCFF48 /* HealthKit.framework */ = {isa = PBXFileReference; lastKnownFileType = wrapper.framework; name = HealthKit.framework; path = System/Library/Frameworks/HealthKit.framework; sourceTree = SDKROOT; };
		14CCF400202C086300DCFF48 /* EventManager.swift */ = {isa = PBXFileReference; lastKnownFileType = sourcecode.swift; path = EventManager.swift; sourceTree = "<group>"; };
/* End PBXFileReference section */

/* Begin PBXFrameworksBuildPhase section */
		14CCF3C6202BA99C00DCFF48 /* Frameworks */ = {
			isa = PBXFrameworksBuildPhase;
			buildActionMask = 2147483647;
			files = (
				14837BB72068B0EF003F3A0C /* Crashlytics.framework in Frameworks */,
				14CCF3FF202BACD400DCFF48 /* HealthKit.framework in Frameworks */,
				14837BB82068B0EF003F3A0C /* Fabric.framework in Frameworks */,
			);
			runOnlyForDeploymentPostprocessing = 0;
		};
/* End PBXFrameworksBuildPhase section */

/* Begin PBXGroup section */
		146C04D5206870D1005B58DE /* Views */ = {
			isa = PBXGroup;
			children = (
				146C04ED20689411005B58DE /* AccessView.swift */,
				146C04CF20686609005B58DE /* CalendarTableViewCell.swift */,
				146C04CB206861D6005B58DE /* EventTableViewCell.swift */,
				146C04D120686FC6005B58DE /* ExtendedCalendarTableViewCell.swift */,
				146C04DB2068841A005B58DE /* SwitchTableViewCell.swift */,
			);
			path = Views;
			sourceTree = "<group>";
		};
		146C04D6206870DE005B58DE /* Controllers */ = {
			isa = PBXGroup;
			children = (
				146BBA812068438F00428725 /* EventTableViewController.swift */,
				146C04F12068AA36005B58DE /* EventTableViewController+TableView.swift */,
				146C04CD2068657A005B58DE /* PreferencesTableViewController.swift */,
				146C04F32068AA8F005B58DE /* PreferencesTableViewController+TableView.swift */,
				146C04E2206887EE005B58DE /* SetupViewController.swift */,
			);
			path = Controllers;
			sourceTree = "<group>";
		};
		146C04D7206870EB005B58DE /* Model */ = {
			isa = PBXGroup;
			children = (
				1413A33A20684E5500EB2F71 /* Model.swift */,
				146C04EF2068A3A3005B58DE /* AlertConstants.swift */,
				14CCF3CC202BA99C00DCFF48 /* AppDelegate.swift */,
				146C04D8206870F2005B58DE /* Managers */,
			);
			path = Model;
			sourceTree = "<group>";
		};
		146C04D8206870F2005B58DE /* Managers */ = {
			isa = PBXGroup;
			children = (
				14CCF400202C086300DCFF48 /* EventManager.swift */,
				14CCF3FA202BA9AE00DCFF48 /* HealthManager.swift */,
				146C04D320687013005B58DE /* PreferencesManager.swift */,
			);
			path = Managers;
			sourceTree = "<group>";
		};
		146C04F52068AE66005B58DE /* Resources */ = {
			isa = PBXGroup;
			children = (
				14837BB52068B0EF003F3A0C /* Crashlytics.framework */,
				14837BB62068B0EF003F3A0C /* Fabric.framework */,
				14837BB02068B0A6003F3A0C /* fabric.apikey */,
				14837BB12068B0A6003F3A0C /* fabric.buildsecret */,
				14CCF3D0202BA99C00DCFF48 /* Main.storyboard */,
				14CCF3D3202BA99C00DCFF48 /* Assets.xcassets */,
				14CCF3D5202BA99C00DCFF48 /* LaunchScreen.storyboard */,
				14CCF3FC202BACD400DCFF48 /* Heart Calendar.entitlements */,
			);
			path = Resources;
			sourceTree = "<group>";
		};
		14CCF3C0202BA99C00DCFF48 = {
			isa = PBXGroup;
			children = (
				14CCF3CB202BA99C00DCFF48 /* Heart Calendar */,
				14CCF3CA202BA99C00DCFF48 /* Products */,
				14CCF3FD202BACD400DCFF48 /* Frameworks */,
			);
			sourceTree = "<group>";
		};
		14CCF3CA202BA99C00DCFF48 /* Products */ = {
			isa = PBXGroup;
			children = (
				14CCF3C9202BA99C00DCFF48 /* Heart Calendar.app */,
			);
			name = Products;
			sourceTree = "<group>";
		};
		14CCF3CB202BA99C00DCFF48 /* Heart Calendar */ = {
			isa = PBXGroup;
			children = (
				146C04D5206870D1005B58DE /* Views */,
				146C04D6206870DE005B58DE /* Controllers */,
				146C04D7206870EB005B58DE /* Model */,
				146C04F52068AE66005B58DE /* Resources */,
				14CCF3D8202BA99C00DCFF48 /* Info.plist */,
			);
			path = "Heart Calendar";
			sourceTree = "<group>";
		};
		14CCF3FD202BACD400DCFF48 /* Frameworks */ = {
			isa = PBXGroup;
			children = (
				14CCF3FE202BACD400DCFF48 /* HealthKit.framework */,
			);
			name = Frameworks;
			sourceTree = "<group>";
		};
/* End PBXGroup section */

/* Begin PBXNativeTarget section */
		14CCF3C8202BA99C00DCFF48 /* Heart Calendar */ = {
			isa = PBXNativeTarget;
			buildConfigurationList = 14CCF3F1202BA99C00DCFF48 /* Build configuration list for PBXNativeTarget "Heart Calendar" */;
			buildPhases = (
				1413A34020684FC800EB2F71 /* Build Number */,
				14CCF3C5202BA99C00DCFF48 /* Sources */,
				14CCF3C6202BA99C00DCFF48 /* Frameworks */,
				14CCF3C7202BA99C00DCFF48 /* Resources */,
				1413A33F20684FC700EB2F71 /* Swiftlint */,
				14837BB42068B0B6003F3A0C /* Fabric */,
			);
			buildRules = (
			);
			dependencies = (
			);
			name = "Heart Calendar";
			productName = "Heart Cal";
			productReference = 14CCF3C9202BA99C00DCFF48 /* Heart Calendar.app */;
			productType = "com.apple.product-type.application";
		};
/* End PBXNativeTarget section */

/* Begin PBXProject section */
		14CCF3C1202BA99C00DCFF48 /* Project object */ = {
			isa = PBXProject;
			attributes = {
				LastSwiftUpdateCheck = 0920;
				LastUpgradeCheck = 0920;
				ORGANIZATIONNAME = "Andrew Finke";
				TargetAttributes = {
					14CCF3C8202BA99C00DCFF48 = {
						CreatedOnToolsVersion = 9.2;
						ProvisioningStyle = Automatic;
						SystemCapabilities = {
							com.apple.HealthKit = {
								enabled = 1;
							};
						};
					};
				};
			};
			buildConfigurationList = 14CCF3C4202BA99C00DCFF48 /* Build configuration list for PBXProject "Heart Calendar" */;
			compatibilityVersion = "Xcode 8.0";
			developmentRegion = en;
			hasScannedForEncodings = 0;
			knownRegions = (
				en,
				Base,
			);
			mainGroup = 14CCF3C0202BA99C00DCFF48;
			productRefGroup = 14CCF3CA202BA99C00DCFF48 /* Products */;
			projectDirPath = "";
			projectRoot = "";
			targets = (
				14CCF3C8202BA99C00DCFF48 /* Heart Calendar */,
			);
		};
/* End PBXProject section */

/* Begin PBXResourcesBuildPhase section */
		14CCF3C7202BA99C00DCFF48 /* Resources */ = {
			isa = PBXResourcesBuildPhase;
			buildActionMask = 2147483647;
			files = (
				14CCF3D7202BA99C00DCFF48 /* LaunchScreen.storyboard in Resources */,
				14837BB22068B0A6003F3A0C /* fabric.apikey in Resources */,
				14CCF3D4202BA99C00DCFF48 /* Assets.xcassets in Resources */,
				14CCF3D2202BA99C00DCFF48 /* Main.storyboard in Resources */,
			);
			runOnlyForDeploymentPostprocessing = 0;
		};
/* End PBXResourcesBuildPhase section */

/* Begin PBXShellScriptBuildPhase section */
		1413A33F20684FC700EB2F71 /* Swiftlint */ = {
			isa = PBXShellScriptBuildPhase;
			buildActionMask = 2147483647;
			files = (
			);
			inputPaths = (
			);
			name = Swiftlint;
			outputPaths = (
			);
			runOnlyForDeploymentPostprocessing = 0;
			shellPath = /bin/sh;
			shellScript = "if which swiftlint >/dev/null; then\nswiftlint\nelse\necho \"warning: SwiftLint not installed, download from https://github.com/realm/SwiftLint\"\nfi";
		};
		1413A34020684FC800EB2F71 /* Build Number */ = {
			isa = PBXShellScriptBuildPhase;
			buildActionMask = 2147483647;
			files = (
			);
			inputPaths = (
			);
			name = "Build Number";
			outputPaths = (
			);
			runOnlyForDeploymentPostprocessing = 0;
			shellPath = /bin/sh;
			shellScript = "buildNumber=$(/usr/libexec/PlistBuddy -c \"Print CFBundleVersion\" \"${INFOPLIST_FILE}\")\nbuildNumber=$(($buildNumber + 1))\n/usr/libexec/PlistBuddy -c \"Set :CFBundleVersion $buildNumber\" \"${INFOPLIST_FILE}\"";
		};
		14837BB42068B0B6003F3A0C /* Fabric */ = {
			isa = PBXShellScriptBuildPhase;
			buildActionMask = 2147483647;
			files = (
			);
			inputPaths = (
			);
			name = Fabric;
			outputPaths = (
			);
			runOnlyForDeploymentPostprocessing = 0;
			shellPath = /bin/sh;
			shellScript = "FABRIC_APIKEY_FILE=\"${SRCROOT}/fabric.apikey\"\nFABRIC_BUILDSECRET_FILE=\"${SRCROOT}/fabric.buildsecret\"\n\nif test ! -f \"$FABRIC_APIKEY_FILE\" -o ! -f \"$FABRIC_BUILDSECRET_FILE\"; then\necho \"This build wants to upload dSYM files to Crashlytics.\"\necho \"Uploading is possible only if a Fabric API key and a Fabric build secret are\"\necho \"available. This build is failing because at least one of these pieces of\"\necho \"information is missing.\"\necho \"\"\necho \"To fix the problem, create the following files and store the API key and\"\necho \"build secret, respectively, within those files:\"\necho \"\"\necho \"  $FABRIC_APIKEY_FILE\"\necho \"  $FABRIC_BUILDSECRET_FILE\"\necho \"\"\necho \"If you forked the project then you must register with Crashlytics and\"\necho \"get your own API key and build secret.\"\n\n# Let the build fail\nexit 1\nfi\n\nFABRIC_APIKEY=$(cat \"$FABRIC_APIKEY_FILE\")\nif test $? -ne 0; then\necho \"Cannot read $FABRIC_APIKEY_FILE\"\nexit 1\nfi\n\nFABRIC_BUILDSECRET=$(cat \"$FABRIC_BUILDSECRET_FILE\")\nif test $? -ne 0; then\necho \"Cannot read $FABRIC_BUILDSECRET_FILE\"\nexit 1\nfi\n\necho \"Uploading dSYM files to Crashlytics\"\n\"./Fabric.framework/run\" \"$FABRIC_APIKEY\" \"$FABRIC_BUILDSECRET\"";
		};
/* End PBXShellScriptBuildPhase section */

/* Begin PBXSourcesBuildPhase section */
		14CCF3C5202BA99C00DCFF48 /* Sources */ = {
			isa = PBXSourcesBuildPhase;
			buildActionMask = 2147483647;
			files = (
				146C04F42068AA8F005B58DE /* PreferencesTableViewController+TableView.swift in Sources */,
				146C04D420687013005B58DE /* PreferencesManager.swift in Sources */,
				146C04E9206887EF005B58DE /* SetupViewController.swift in Sources */,
				146C04CC206861D6005B58DE /* EventTableViewCell.swift in Sources */,
				146C04EE20689411005B58DE /* AccessView.swift in Sources */,
				146C04F22068AA36005B58DE /* EventTableViewController+TableView.swift in Sources */,
				146C04DC2068841A005B58DE /* SwitchTableViewCell.swift in Sources */,
				14CCF401202C086300DCFF48 /* EventManager.swift in Sources */,
				146C04F02068A3A3005B58DE /* AlertConstants.swift in Sources */,
				14CCF3CD202BA99C00DCFF48 /* AppDelegate.swift in Sources */,
				146C04D020686609005B58DE /* CalendarTableViewCell.swift in Sources */,
				1413A33B20684E5500EB2F71 /* Model.swift in Sources */,
				146C04D220686FC6005B58DE /* ExtendedCalendarTableViewCell.swift in Sources */,
				146BBA822068438F00428725 /* EventTableViewController.swift in Sources */,
				14CCF3FB202BA9AE00DCFF48 /* HealthManager.swift in Sources */,
				146C04CE2068657A005B58DE /* PreferencesTableViewController.swift in Sources */,
			);
			runOnlyForDeploymentPostprocessing = 0;
		};
/* End PBXSourcesBuildPhase section */

/* Begin PBXVariantGroup section */
		14CCF3D0202BA99C00DCFF48 /* Main.storyboard */ = {
			isa = PBXVariantGroup;
			children = (
				14CCF3D1202BA99C00DCFF48 /* Base */,
			);
			name = Main.storyboard;
			sourceTree = "<group>";
		};
		14CCF3D5202BA99C00DCFF48 /* LaunchScreen.storyboard */ = {
			isa = PBXVariantGroup;
			children = (
				14CCF3D6202BA99C00DCFF48 /* Base */,
			);
			name = LaunchScreen.storyboard;
			sourceTree = "<group>";
		};
/* End PBXVariantGroup section */

/* Begin XCBuildConfiguration section */
		14CCF3EF202BA99C00DCFF48 /* Debug */ = {
			isa = XCBuildConfiguration;
			buildSettings = {
				ALWAYS_SEARCH_USER_PATHS = NO;
				CLANG_ANALYZER_NONNULL = YES;
				CLANG_ANALYZER_NUMBER_OBJECT_CONVERSION = YES_AGGRESSIVE;
				CLANG_CXX_LANGUAGE_STANDARD = "gnu++14";
				CLANG_CXX_LIBRARY = "libc++";
				CLANG_ENABLE_MODULES = YES;
				CLANG_ENABLE_OBJC_ARC = YES;
				CLANG_WARN_BLOCK_CAPTURE_AUTORELEASING = YES;
				CLANG_WARN_BOOL_CONVERSION = YES;
				CLANG_WARN_COMMA = YES;
				CLANG_WARN_CONSTANT_CONVERSION = YES;
				CLANG_WARN_DIRECT_OBJC_ISA_USAGE = YES_ERROR;
				CLANG_WARN_DOCUMENTATION_COMMENTS = YES;
				CLANG_WARN_EMPTY_BODY = YES;
				CLANG_WARN_ENUM_CONVERSION = YES;
				CLANG_WARN_INFINITE_RECURSION = YES;
				CLANG_WARN_INT_CONVERSION = YES;
				CLANG_WARN_NON_LITERAL_NULL_CONVERSION = YES;
				CLANG_WARN_OBJC_LITERAL_CONVERSION = YES;
				CLANG_WARN_OBJC_ROOT_CLASS = YES_ERROR;
				CLANG_WARN_RANGE_LOOP_ANALYSIS = YES;
				CLANG_WARN_STRICT_PROTOTYPES = YES;
				CLANG_WARN_SUSPICIOUS_MOVE = YES;
				CLANG_WARN_UNGUARDED_AVAILABILITY = YES_AGGRESSIVE;
				CLANG_WARN_UNREACHABLE_CODE = YES;
				CLANG_WARN__DUPLICATE_METHOD_MATCH = YES;
				CODE_SIGN_IDENTITY = "iPhone Developer";
				COPY_PHASE_STRIP = NO;
				DEBUG_INFORMATION_FORMAT = dwarf;
				ENABLE_STRICT_OBJC_MSGSEND = YES;
				ENABLE_TESTABILITY = YES;
				GCC_C_LANGUAGE_STANDARD = gnu11;
				GCC_DYNAMIC_NO_PIC = NO;
				GCC_NO_COMMON_BLOCKS = YES;
				GCC_OPTIMIZATION_LEVEL = 0;
				GCC_PREPROCESSOR_DEFINITIONS = (
					"DEBUG=1",
					"$(inherited)",
				);
				GCC_WARN_64_TO_32_BIT_CONVERSION = YES;
				GCC_WARN_ABOUT_RETURN_TYPE = YES_ERROR;
				GCC_WARN_UNDECLARED_SELECTOR = YES;
				GCC_WARN_UNINITIALIZED_AUTOS = YES_AGGRESSIVE;
				GCC_WARN_UNUSED_FUNCTION = YES;
				GCC_WARN_UNUSED_VARIABLE = YES;
				IPHONEOS_DEPLOYMENT_TARGET = 11.0;
				MTL_ENABLE_DEBUG_INFO = YES;
				ONLY_ACTIVE_ARCH = YES;
				SDKROOT = iphoneos;
				SWIFT_ACTIVE_COMPILATION_CONDITIONS = DEBUG;
				SWIFT_OPTIMIZATION_LEVEL = "-Onone";
			};
			name = Debug;
		};
		14CCF3F0202BA99C00DCFF48 /* Release */ = {
			isa = XCBuildConfiguration;
			buildSettings = {
				ALWAYS_SEARCH_USER_PATHS = NO;
				CLANG_ANALYZER_NONNULL = YES;
				CLANG_ANALYZER_NUMBER_OBJECT_CONVERSION = YES_AGGRESSIVE;
				CLANG_CXX_LANGUAGE_STANDARD = "gnu++14";
				CLANG_CXX_LIBRARY = "libc++";
				CLANG_ENABLE_MODULES = YES;
				CLANG_ENABLE_OBJC_ARC = YES;
				CLANG_WARN_BLOCK_CAPTURE_AUTORELEASING = YES;
				CLANG_WARN_BOOL_CONVERSION = YES;
				CLANG_WARN_COMMA = YES;
				CLANG_WARN_CONSTANT_CONVERSION = YES;
				CLANG_WARN_DIRECT_OBJC_ISA_USAGE = YES_ERROR;
				CLANG_WARN_DOCUMENTATION_COMMENTS = YES;
				CLANG_WARN_EMPTY_BODY = YES;
				CLANG_WARN_ENUM_CONVERSION = YES;
				CLANG_WARN_INFINITE_RECURSION = YES;
				CLANG_WARN_INT_CONVERSION = YES;
				CLANG_WARN_NON_LITERAL_NULL_CONVERSION = YES;
				CLANG_WARN_OBJC_LITERAL_CONVERSION = YES;
				CLANG_WARN_OBJC_ROOT_CLASS = YES_ERROR;
				CLANG_WARN_RANGE_LOOP_ANALYSIS = YES;
				CLANG_WARN_STRICT_PROTOTYPES = YES;
				CLANG_WARN_SUSPICIOUS_MOVE = YES;
				CLANG_WARN_UNGUARDED_AVAILABILITY = YES_AGGRESSIVE;
				CLANG_WARN_UNREACHABLE_CODE = YES;
				CLANG_WARN__DUPLICATE_METHOD_MATCH = YES;
				CODE_SIGN_IDENTITY = "iPhone Developer";
				COPY_PHASE_STRIP = NO;
				DEBUG_INFORMATION_FORMAT = "dwarf-with-dsym";
				ENABLE_NS_ASSERTIONS = NO;
				ENABLE_STRICT_OBJC_MSGSEND = YES;
				GCC_C_LANGUAGE_STANDARD = gnu11;
				GCC_NO_COMMON_BLOCKS = YES;
				GCC_WARN_64_TO_32_BIT_CONVERSION = YES;
				GCC_WARN_ABOUT_RETURN_TYPE = YES_ERROR;
				GCC_WARN_UNDECLARED_SELECTOR = YES;
				GCC_WARN_UNINITIALIZED_AUTOS = YES_AGGRESSIVE;
				GCC_WARN_UNUSED_FUNCTION = YES;
				GCC_WARN_UNUSED_VARIABLE = YES;
				IPHONEOS_DEPLOYMENT_TARGET = 11.0;
				MTL_ENABLE_DEBUG_INFO = NO;
				SDKROOT = iphoneos;
				SWIFT_OPTIMIZATION_LEVEL = "-Owholemodule";
				VALIDATE_PRODUCT = YES;
			};
			name = Release;
		};
		14CCF3F2202BA99C00DCFF48 /* Debug */ = {
			isa = XCBuildConfiguration;
			buildSettings = {
				ASSETCATALOG_COMPILER_APPICON_NAME = AppIcon;
				CODE_SIGN_ENTITLEMENTS = "Heart Calendar/Resources/Heart Calendar.entitlements";
				CODE_SIGN_STYLE = Automatic;
				DEVELOPMENT_TEAM = 72S993BNAV;
				FRAMEWORK_SEARCH_PATHS = (
					"$(inherited)",
					"$(PROJECT_DIR)",
				);
				INFOPLIST_FILE = "$(SRCROOT)/Heart Calendar/Info.plist";
				LD_RUNPATH_SEARCH_PATHS = "$(inherited) @executable_path/Frameworks";
				PRODUCT_BUNDLE_IDENTIFIER = "com.andrewfinke.heart-calendar";
				PRODUCT_NAME = "$(TARGET_NAME)";
				SWIFT_VERSION = 4.0;
				TARGETED_DEVICE_FAMILY = 1;
			};
			name = Debug;
		};
		14CCF3F3202BA99C00DCFF48 /* Release */ = {
			isa = XCBuildConfiguration;
			buildSettings = {
				ASSETCATALOG_COMPILER_APPICON_NAME = AppIcon;
				CODE_SIGN_ENTITLEMENTS = "Heart Calendar/Resources/Heart Calendar.entitlements";
				CODE_SIGN_STYLE = Automatic;
				DEVELOPMENT_TEAM = 72S993BNAV;
				FRAMEWORK_SEARCH_PATHS = (
					"$(inherited)",
					"$(PROJECT_DIR)",
				);
				INFOPLIST_FILE = "$(SRCROOT)/Heart Calendar/Info.plist";
				LD_RUNPATH_SEARCH_PATHS = "$(inherited) @executable_path/Frameworks";
				PRODUCT_BUNDLE_IDENTIFIER = "com.andrewfinke.heart-calendar";
				PRODUCT_NAME = "$(TARGET_NAME)";
				SWIFT_VERSION = 4.0;
				TARGETED_DEVICE_FAMILY = 1;
			};
			name = Release;
		};
/* End XCBuildConfiguration section */

/* Begin XCConfigurationList section */
		14CCF3C4202BA99C00DCFF48 /* Build configuration list for PBXProject "Heart Calendar" */ = {
			isa = XCConfigurationList;
			buildConfigurations = (
				14CCF3EF202BA99C00DCFF48 /* Debug */,
				14CCF3F0202BA99C00DCFF48 /* Release */,
			);
			defaultConfigurationIsVisible = 0;
			defaultConfigurationName = Release;
		};
		14CCF3F1202BA99C00DCFF48 /* Build configuration list for PBXNativeTarget "Heart Calendar" */ = {
			isa = XCConfigurationList;
			buildConfigurations = (
				14CCF3F2202BA99C00DCFF48 /* Debug */,
				14CCF3F3202BA99C00DCFF48 /* Release */,
			);
			defaultConfigurationIsVisible = 0;
			defaultConfigurationName = Release;
		};
/* End XCConfigurationList section */
	};
	rootObject = 14CCF3C1202BA99C00DCFF48 /* Project object */;
}
